// !$*UTF8*$!
{
	archiveVersion = 1;
	classes = {
	};
	objectVersion = 46;
	objects = {

/* Begin PBXBuildFile section */
		D9081DD01B5587EA00B57662 /* AppDelegate.swift in Sources */ = {isa = PBXBuildFile; fileRef = D9081DCF1B5587EA00B57662 /* AppDelegate.swift */; };
		D9081DD21B5587EA00B57662 /* ViewController.swift in Sources */ = {isa = PBXBuildFile; fileRef = D9081DD11B5587EA00B57662 /* ViewController.swift */; };
		D9081DD51B5587EA00B57662 /* Main.storyboard in Resources */ = {isa = PBXBuildFile; fileRef = D9081DD31B5587EA00B57662 /* Main.storyboard */; };
		D9081DD71B5587EA00B57662 /* Images.xcassets in Resources */ = {isa = PBXBuildFile; fileRef = D9081DD61B5587EA00B57662 /* Images.xcassets */; };
		D9081DDA1B5587EA00B57662 /* LaunchScreen.xib in Resources */ = {isa = PBXBuildFile; fileRef = D9081DD81B5587EA00B57662 /* LaunchScreen.xib */; };
		D9081DE61B5587EA00B57662 /* PhotoSorterTests.swift in Sources */ = {isa = PBXBuildFile; fileRef = D9081DE51B5587EA00B57662 /* PhotoSorterTests.swift */; };
		D9081DF31B558F3300B57662 /* Bolts.framework in Frameworks */ = {isa = PBXBuildFile; fileRef = D9081DF11B558F3300B57662 /* Bolts.framework */; };
		D9081DF41B558F3300B57662 /* Parse.framework in Frameworks */ = {isa = PBXBuildFile; fileRef = D9081DF21B558F3300B57662 /* Parse.framework */; };
		D9081DF91B558F4000B57662 /* ParseCrashReporting.framework in Frameworks */ = {isa = PBXBuildFile; fileRef = D9081DF51B558F4000B57662 /* ParseCrashReporting.framework */; };
		D9081DFA1B558F4000B57662 /* ParseUI.framework in Frameworks */ = {isa = PBXBuildFile; fileRef = D9081DF61B558F4000B57662 /* ParseUI.framework */; };
		D9081DFB1B558F4000B57662 /* ParseFacebookUtilsV4.framework in Frameworks */ = {isa = PBXBuildFile; fileRef = D9081DF71B558F4000B57662 /* ParseFacebookUtilsV4.framework */; };
		D9081DFC1B558F4000B57662 /* ParseFacebookUtils.framework in Frameworks */ = {isa = PBXBuildFile; fileRef = D9081DF81B558F4000B57662 /* ParseFacebookUtils.framework */; };
		D9081E071B558FD000B57662 /* AudioToolbox.framework in Frameworks */ = {isa = PBXBuildFile; fileRef = D9081DFD1B558FD000B57662 /* AudioToolbox.framework */; };
		D9081E081B558FD000B57662 /* CFNetwork.framework in Frameworks */ = {isa = PBXBuildFile; fileRef = D9081DFE1B558FD000B57662 /* CFNetwork.framework */; };
		D9081E091B558FD000B57662 /* CoreLocation.framework in Frameworks */ = {isa = PBXBuildFile; fileRef = D9081DFF1B558FD000B57662 /* CoreLocation.framework */; };
		D9081E0A1B558FD000B57662 /* libsqlite3.dylib in Frameworks */ = {isa = PBXBuildFile; fileRef = D9081E001B558FD000B57662 /* libsqlite3.dylib */; };
		D9081E0B1B558FD000B57662 /* libz.dylib in Frameworks */ = {isa = PBXBuildFile; fileRef = D9081E011B558FD000B57662 /* libz.dylib */; };
		D9081E0C1B558FD000B57662 /* MobileCoreServices.framework in Frameworks */ = {isa = PBXBuildFile; fileRef = D9081E021B558FD000B57662 /* MobileCoreServices.framework */; };
		D9081E0D1B558FD000B57662 /* QuartzCore.framework in Frameworks */ = {isa = PBXBuildFile; fileRef = D9081E031B558FD000B57662 /* QuartzCore.framework */; };
		D9081E0E1B558FD000B57662 /* Security.framework in Frameworks */ = {isa = PBXBuildFile; fileRef = D9081E041B558FD000B57662 /* Security.framework */; };
		D9081E0F1B558FD000B57662 /* StoreKit.framework in Frameworks */ = {isa = PBXBuildFile; fileRef = D9081E051B558FD000B57662 /* StoreKit.framework */; };
		D9081E101B558FD000B57662 /* SystemConfiguration.framework in Frameworks */ = {isa = PBXBuildFile; fileRef = D9081E061B558FD000B57662 /* SystemConfiguration.framework */; };
/* End PBXBuildFile section */

/* Begin PBXContainerItemProxy section */
		D9081DE01B5587EA00B57662 /* PBXContainerItemProxy */ = {
			isa = PBXContainerItemProxy;
			containerPortal = D9081DC21B5587EA00B57662 /* Project object */;
			proxyType = 1;
			remoteGlobalIDString = D9081DC91B5587EA00B57662;
			remoteInfo = PhotoSorter;
		};
/* End PBXContainerItemProxy section */

/* Begin PBXFileReference section */
		D9081DCA1B5587EA00B57662 /* PhotoSorter.app */ = {isa = PBXFileReference; explicitFileType = wrapper.application; includeInIndex = 0; path = PhotoSorter.app; sourceTree = BUILT_PRODUCTS_DIR; };
		D9081DCE1B5587EA00B57662 /* Info.plist */ = {isa = PBXFileReference; lastKnownFileType = text.plist.xml; path = Info.plist; sourceTree = "<group>"; };
		D9081DCF1B5587EA00B57662 /* AppDelegate.swift */ = {isa = PBXFileReference; lastKnownFileType = sourcecode.swift; path = AppDelegate.swift; sourceTree = "<group>"; };
		D9081DD11B5587EA00B57662 /* ViewController.swift */ = {isa = PBXFileReference; lastKnownFileType = sourcecode.swift; path = ViewController.swift; sourceTree = "<group>"; };
		D9081DD41B5587EA00B57662 /* Base */ = {isa = PBXFileReference; lastKnownFileType = file.storyboard; name = Base; path = Base.lproj/Main.storyboard; sourceTree = "<group>"; };
		D9081DD61B5587EA00B57662 /* Images.xcassets */ = {isa = PBXFileReference; lastKnownFileType = folder.assetcatalog; path = Images.xcassets; sourceTree = "<group>"; };
		D9081DD91B5587EA00B57662 /* Base */ = {isa = PBXFileReference; lastKnownFileType = file.xib; name = Base; path = Base.lproj/LaunchScreen.xib; sourceTree = "<group>"; };
		D9081DDF1B5587EA00B57662 /* PhotoSorterTests.xctest */ = {isa = PBXFileReference; explicitFileType = wrapper.cfbundle; includeInIndex = 0; path = PhotoSorterTests.xctest; sourceTree = BUILT_PRODUCTS_DIR; };
		D9081DE41B5587EA00B57662 /* Info.plist */ = {isa = PBXFileReference; lastKnownFileType = text.plist.xml; path = Info.plist; sourceTree = "<group>"; };
		D9081DE51B5587EA00B57662 /* PhotoSorterTests.swift */ = {isa = PBXFileReference; lastKnownFileType = sourcecode.swift; path = PhotoSorterTests.swift; sourceTree = "<group>"; };
		D9081DEF1B5588B300B57662 /* Scratchpad.playground */ = {isa = PBXFileReference; lastKnownFileType = file.playground; path = Scratchpad.playground; sourceTree = "<group>"; };
		D9081DF11B558F3300B57662 /* Bolts.framework */ = {isa = PBXFileReference; lastKnownFileType = wrapper.framework; path = Bolts.framework; sourceTree = "<group>"; };
		D9081DF21B558F3300B57662 /* Parse.framework */ = {isa = PBXFileReference; lastKnownFileType = wrapper.framework; path = Parse.framework; sourceTree = "<group>"; };
		D9081DF51B558F4000B57662 /* ParseCrashReporting.framework */ = {isa = PBXFileReference; lastKnownFileType = wrapper.framework; path = ParseCrashReporting.framework; sourceTree = "<group>"; };
		D9081DF61B558F4000B57662 /* ParseUI.framework */ = {isa = PBXFileReference; lastKnownFileType = wrapper.framework; path = ParseUI.framework; sourceTree = "<group>"; };
		D9081DF71B558F4000B57662 /* ParseFacebookUtilsV4.framework */ = {isa = PBXFileReference; lastKnownFileType = wrapper.framework; path = ParseFacebookUtilsV4.framework; sourceTree = "<group>"; };
		D9081DF81B558F4000B57662 /* ParseFacebookUtils.framework */ = {isa = PBXFileReference; lastKnownFileType = wrapper.framework; path = ParseFacebookUtils.framework; sourceTree = "<group>"; };
		D9081DFD1B558FD000B57662 /* AudioToolbox.framework */ = {isa = PBXFileReference; lastKnownFileType = wrapper.framework; name = AudioToolbox.framework; path = System/Library/Frameworks/AudioToolbox.framework; sourceTree = SDKROOT; };
		D9081DFE1B558FD000B57662 /* CFNetwork.framework */ = {isa = PBXFileReference; lastKnownFileType = wrapper.framework; name = CFNetwork.framework; path = System/Library/Frameworks/CFNetwork.framework; sourceTree = SDKROOT; };
		D9081DFF1B558FD000B57662 /* CoreLocation.framework */ = {isa = PBXFileReference; lastKnownFileType = wrapper.framework; name = CoreLocation.framework; path = System/Library/Frameworks/CoreLocation.framework; sourceTree = SDKROOT; };
		D9081E001B558FD000B57662 /* libsqlite3.dylib */ = {isa = PBXFileReference; lastKnownFileType = "compiled.mach-o.dylib"; name = libsqlite3.dylib; path = usr/lib/libsqlite3.dylib; sourceTree = SDKROOT; };
		D9081E011B558FD000B57662 /* libz.dylib */ = {isa = PBXFileReference; lastKnownFileType = "compiled.mach-o.dylib"; name = libz.dylib; path = usr/lib/libz.dylib; sourceTree = SDKROOT; };
		D9081E021B558FD000B57662 /* MobileCoreServices.framework */ = {isa = PBXFileReference; lastKnownFileType = wrapper.framework; name = MobileCoreServices.framework; path = System/Library/Frameworks/MobileCoreServices.framework; sourceTree = SDKROOT; };
		D9081E031B558FD000B57662 /* QuartzCore.framework */ = {isa = PBXFileReference; lastKnownFileType = wrapper.framework; name = QuartzCore.framework; path = System/Library/Frameworks/QuartzCore.framework; sourceTree = SDKROOT; };
		D9081E041B558FD000B57662 /* Security.framework */ = {isa = PBXFileReference; lastKnownFileType = wrapper.framework; name = Security.framework; path = System/Library/Frameworks/Security.framework; sourceTree = SDKROOT; };
		D9081E051B558FD000B57662 /* StoreKit.framework */ = {isa = PBXFileReference; lastKnownFileType = wrapper.framework; name = StoreKit.framework; path = System/Library/Frameworks/StoreKit.framework; sourceTree = SDKROOT; };
		D9081E061B558FD000B57662 /* SystemConfiguration.framework */ = {isa = PBXFileReference; lastKnownFileType = wrapper.framework; name = SystemConfiguration.framework; path = System/Library/Frameworks/SystemConfiguration.framework; sourceTree = SDKROOT; };
/* End PBXFileReference section */

/* Begin PBXFrameworksBuildPhase section */
		D9081DC71B5587EA00B57662 /* Frameworks */ = {
			isa = PBXFrameworksBuildPhase;
			buildActionMask = 2147483647;
			files = (
				D9081E071B558FD000B57662 /* AudioToolbox.framework in Frameworks */,
				D9081E081B558FD000B57662 /* CFNetwork.framework in Frameworks */,
				D9081E091B558FD000B57662 /* CoreLocation.framework in Frameworks */,
				D9081E0A1B558FD000B57662 /* libsqlite3.dylib in Frameworks */,
				D9081E0B1B558FD000B57662 /* libz.dylib in Frameworks */,
				D9081E0C1B558FD000B57662 /* MobileCoreServices.framework in Frameworks */,
				D9081E0D1B558FD000B57662 /* QuartzCore.framework in Frameworks */,
				D9081E0E1B558FD000B57662 /* Security.framework in Frameworks */,
				D9081E0F1B558FD000B57662 /* StoreKit.framework in Frameworks */,
				D9081E101B558FD000B57662 /* SystemConfiguration.framework in Frameworks */,
				D9081DF41B558F3300B57662 /* Parse.framework in Frameworks */,
				D9081DF91B558F4000B57662 /* ParseCrashReporting.framework in Frameworks */,
				D9081DFC1B558F4000B57662 /* ParseFacebookUtils.framework in Frameworks */,
				D9081DFA1B558F4000B57662 /* ParseUI.framework in Frameworks */,
				D9081DF31B558F3300B57662 /* Bolts.framework in Frameworks */,
				D9081DFB1B558F4000B57662 /* ParseFacebookUtilsV4.framework in Frameworks */,
			);
			runOnlyForDeploymentPostprocessing = 0;
		};
		D9081DDC1B5587EA00B57662 /* Frameworks */ = {
			isa = PBXFrameworksBuildPhase;
			buildActionMask = 2147483647;
			files = (
			);
			runOnlyForDeploymentPostprocessing = 0;
		};
/* End PBXFrameworksBuildPhase section */

/* Begin PBXGroup section */
		D9081DC11B5587EA00B57662 = {
			isa = PBXGroup;
			children = (
				D9081E111B57F65900B57662 /* Parse */,
				D9081DCC1B5587EA00B57662 /* PhotoSorter */,
				D9081DE21B5587EA00B57662 /* PhotoSorterTests */,
				D9081DCB1B5587EA00B57662 /* Products */,
				D9081DF01B5588C900B57662 /* Playground */,
			);
			sourceTree = "<group>";
		};
		D9081DCB1B5587EA00B57662 /* Products */ = {
			isa = PBXGroup;
			children = (
				D9081DCA1B5587EA00B57662 /* PhotoSorter.app */,
				D9081DDF1B5587EA00B57662 /* PhotoSorterTests.xctest */,
			);
			name = Products;
			sourceTree = "<group>";
		};
		D9081DCC1B5587EA00B57662 /* PhotoSorter */ = {
			isa = PBXGroup;
			children = (
				D9081DCF1B5587EA00B57662 /* AppDelegate.swift */,
				D9081DD11B5587EA00B57662 /* ViewController.swift */,
				D9081DD31B5587EA00B57662 /* Main.storyboard */,
				D9081DD61B5587EA00B57662 /* Images.xcassets */,
				D9081DD81B5587EA00B57662 /* LaunchScreen.xib */,
				D9081DCD1B5587EA00B57662 /* Supporting Files */,
			);
			path = PhotoSorter;
			sourceTree = "<group>";
		};
		D9081DCD1B5587EA00B57662 /* Supporting Files */ = {
			isa = PBXGroup;
			children = (
				D9081DCE1B5587EA00B57662 /* Info.plist */,
			);
			name = "Supporting Files";
			sourceTree = "<group>";
		};
		D9081DE21B5587EA00B57662 /* PhotoSorterTests */ = {
			isa = PBXGroup;
			children = (
				D9081DE51B5587EA00B57662 /* PhotoSorterTests.swift */,
				D9081DE31B5587EA00B57662 /* Supporting Files */,
			);
			path = PhotoSorterTests;
			sourceTree = "<group>";
		};
		D9081DE31B5587EA00B57662 /* Supporting Files */ = {
			isa = PBXGroup;
			children = (
				D9081DE41B5587EA00B57662 /* Info.plist */,
			);
			name = "Supporting Files";
			sourceTree = "<group>";
		};
		D9081DF01B5588C900B57662 /* Playground */ = {
			isa = PBXGroup;
			children = (
				D9081DEF1B5588B300B57662 /* Scratchpad.playground */,
			);
			name = Playground;
			path = PhotoSorter;
			sourceTree = "<group>";
		};
		D9081E111B57F65900B57662 /* Parse */ = {
			isa = PBXGroup;
			children = (
				D9081DFD1B558FD000B57662 /* AudioToolbox.framework */,
				D9081DFE1B558FD000B57662 /* CFNetwork.framework */,
				D9081DFF1B558FD000B57662 /* CoreLocation.framework */,
				D9081E001B558FD000B57662 /* libsqlite3.dylib */,
				D9081E011B558FD000B57662 /* libz.dylib */,
				D9081E021B558FD000B57662 /* MobileCoreServices.framework */,
				D9081E031B558FD000B57662 /* QuartzCore.framework */,
				D9081E041B558FD000B57662 /* Security.framework */,
				D9081E051B558FD000B57662 /* StoreKit.framework */,
				D9081E061B558FD000B57662 /* SystemConfiguration.framework */,
				D9081DF51B558F4000B57662 /* ParseCrashReporting.framework */,
				D9081DF61B558F4000B57662 /* ParseUI.framework */,
				D9081DF71B558F4000B57662 /* ParseFacebookUtilsV4.framework */,
				D9081DF81B558F4000B57662 /* ParseFacebookUtils.framework */,
				D9081DF11B558F3300B57662 /* Bolts.framework */,
				D9081DF21B558F3300B57662 /* Parse.framework */,
			);
			name = Parse;
			sourceTree = "<group>";
		};
/* End PBXGroup section */

/* Begin PBXNativeTarget section */
		D9081DC91B5587EA00B57662 /* PhotoSorter */ = {
			isa = PBXNativeTarget;
			buildConfigurationList = D9081DE91B5587EA00B57662 /* Build configuration list for PBXNativeTarget "PhotoSorter" */;
			buildPhases = (
				D9081DC61B5587EA00B57662 /* Sources */,
				D9081DC71B5587EA00B57662 /* Frameworks */,
				D9081DC81B5587EA00B57662 /* Resources */,
			);
			buildRules = (
			);
			dependencies = (
			);
			name = PhotoSorter;
			productName = PhotoSorter;
			productReference = D9081DCA1B5587EA00B57662 /* PhotoSorter.app */;
			productType = "com.apple.product-type.application";
		};
		D9081DDE1B5587EA00B57662 /* PhotoSorterTests */ = {
			isa = PBXNativeTarget;
			buildConfigurationList = D9081DEC1B5587EA00B57662 /* Build configuration list for PBXNativeTarget "PhotoSorterTests" */;
			buildPhases = (
				D9081DDB1B5587EA00B57662 /* Sources */,
				D9081DDC1B5587EA00B57662 /* Frameworks */,
				D9081DDD1B5587EA00B57662 /* Resources */,
			);
			buildRules = (
			);
			dependencies = (
				D9081DE11B5587EA00B57662 /* PBXTargetDependency */,
			);
			name = PhotoSorterTests;
			productName = PhotoSorterTests;
			productReference = D9081DDF1B5587EA00B57662 /* PhotoSorterTests.xctest */;
			productType = "com.apple.product-type.bundle.unit-test";
		};
/* End PBXNativeTarget section */

/* Begin PBXProject section */
		D9081DC21B5587EA00B57662 /* Project object */ = {
			isa = PBXProject;
			attributes = {
				LastUpgradeCheck = 0610;
				ORGANIZATIONNAME = EviAndFritz;
				TargetAttributes = {
					D9081DC91B5587EA00B57662 = {
						CreatedOnToolsVersion = 6.1.1;
					};
					D9081DDE1B5587EA00B57662 = {
						CreatedOnToolsVersion = 6.1.1;
						TestTargetID = D9081DC91B5587EA00B57662;
					};
				};
			};
			buildConfigurationList = D9081DC51B5587EA00B57662 /* Build configuration list for PBXProject "PhotoSorter" */;
			compatibilityVersion = "Xcode 3.2";
			developmentRegion = English;
			hasScannedForEncodings = 0;
			knownRegions = (
				en,
				Base,
			);
			mainGroup = D9081DC11B5587EA00B57662;
			productRefGroup = D9081DCB1B5587EA00B57662 /* Products */;
			projectDirPath = "";
			projectRoot = "";
			targets = (
				D9081DC91B5587EA00B57662 /* PhotoSorter */,
				D9081DDE1B5587EA00B57662 /* PhotoSorterTests */,
			);
		};
/* End PBXProject section */

/* Begin PBXResourcesBuildPhase section */
		D9081DC81B5587EA00B57662 /* Resources */ = {
			isa = PBXResourcesBuildPhase;
			buildActionMask = 2147483647;
			files = (
				D9081DD51B5587EA00B57662 /* Main.storyboard in Resources */,
				D9081DDA1B5587EA00B57662 /* LaunchScreen.xib in Resources */,
				D9081DD71B5587EA00B57662 /* Images.xcassets in Resources */,
			);
			runOnlyForDeploymentPostprocessing = 0;
		};
		D9081DDD1B5587EA00B57662 /* Resources */ = {
			isa = PBXResourcesBuildPhase;
			buildActionMask = 2147483647;
			files = (
			);
			runOnlyForDeploymentPostprocessing = 0;
		};
/* End PBXResourcesBuildPhase section */

/* Begin PBXSourcesBuildPhase section */
		D9081DC61B5587EA00B57662 /* Sources */ = {
			isa = PBXSourcesBuildPhase;
			buildActionMask = 2147483647;
			files = (
				D9081DD21B5587EA00B57662 /* ViewController.swift in Sources */,
				D9081DD01B5587EA00B57662 /* AppDelegate.swift in Sources */,
			);
			runOnlyForDeploymentPostprocessing = 0;
		};
		D9081DDB1B5587EA00B57662 /* Sources */ = {
			isa = PBXSourcesBuildPhase;
			buildActionMask = 2147483647;
			files = (
				D9081DE61B5587EA00B57662 /* PhotoSorterTests.swift in Sources */,
			);
			runOnlyForDeploymentPostprocessing = 0;
		};
/* End PBXSourcesBuildPhase section */

/* Begin PBXTargetDependency section */
		D9081DE11B5587EA00B57662 /* PBXTargetDependency */ = {
			isa = PBXTargetDependency;
			target = D9081DC91B5587EA00B57662 /* PhotoSorter */;
			targetProxy = D9081DE01B5587EA00B57662 /* PBXContainerItemProxy */;
		};
/* End PBXTargetDependency section */

/* Begin PBXVariantGroup section */
		D9081DD31B5587EA00B57662 /* Main.storyboard */ = {
			isa = PBXVariantGroup;
			children = (
				D9081DD41B5587EA00B57662 /* Base */,
			);
			name = Main.storyboard;
			sourceTree = "<group>";
		};
		D9081DD81B5587EA00B57662 /* LaunchScreen.xib */ = {
			isa = PBXVariantGroup;
			children = (
				D9081DD91B5587EA00B57662 /* Base */,
			);
			name = LaunchScreen.xib;
			sourceTree = "<group>";
		};
/* End PBXVariantGroup section */

/* Begin XCBuildConfiguration section */
		D9081DE71B5587EA00B57662 /* Debug */ = {
			isa = XCBuildConfiguration;
			buildSettings = {
				ALWAYS_SEARCH_USER_PATHS = NO;
				CLANG_CXX_LANGUAGE_STANDARD = "gnu++0x";
				CLANG_CXX_LIBRARY = "libc++";
				CLANG_ENABLE_MODULES = YES;
				CLANG_ENABLE_OBJC_ARC = YES;
				CLANG_WARN_BOOL_CONVERSION = YES;
				CLANG_WARN_CONSTANT_CONVERSION = YES;
				CLANG_WARN_DIRECT_OBJC_ISA_USAGE = YES_ERROR;
				CLANG_WARN_EMPTY_BODY = YES;
				CLANG_WARN_ENUM_CONVERSION = YES;
				CLANG_WARN_INT_CONVERSION = YES;
				CLANG_WARN_OBJC_ROOT_CLASS = YES_ERROR;
				CLANG_WARN_UNREACHABLE_CODE = YES;
				CLANG_WARN__DUPLICATE_METHOD_MATCH = YES;
				"CODE_SIGN_IDENTITY[sdk=iphoneos*]" = "iPhone Developer";
				COPY_PHASE_STRIP = NO;
				ENABLE_STRICT_OBJC_MSGSEND = YES;
				GCC_C_LANGUAGE_STANDARD = gnu99;
				GCC_DYNAMIC_NO_PIC = NO;
				GCC_OPTIMIZATION_LEVEL = 0;
				GCC_PREPROCESSOR_DEFINITIONS = (
					"DEBUG=1",
					"$(inherited)",
				);
				GCC_SYMBOLS_PRIVATE_EXTERN = NO;
				GCC_WARN_64_TO_32_BIT_CONVERSION = YES;
				GCC_WARN_ABOUT_RETURN_TYPE = YES_ERROR;
				GCC_WARN_UNDECLARED_SELECTOR = YES;
				GCC_WARN_UNINITIALIZED_AUTOS = YES_AGGRESSIVE;
				GCC_WARN_UNUSED_FUNCTION = YES;
				GCC_WARN_UNUSED_VARIABLE = YES;
				IPHONEOS_DEPLOYMENT_TARGET = 8.1;
				MTL_ENABLE_DEBUG_INFO = YES;
				ONLY_ACTIVE_ARCH = YES;
				SDKROOT = iphoneos;
				SWIFT_OPTIMIZATION_LEVEL = "-Onone";
			};
			name = Debug;
		};
		D9081DE81B5587EA00B57662 /* Release */ = {
			isa = XCBuildConfiguration;
			buildSettings = {
				ALWAYS_SEARCH_USER_PATHS = NO;
				CLANG_CXX_LANGUAGE_STANDARD = "gnu++0x";
				CLANG_CXX_LIBRARY = "libc++";
				CLANG_ENABLE_MODULES = YES;
				CLANG_ENABLE_OBJC_ARC = YES;
				CLANG_WARN_BOOL_CONVERSION = YES;
				CLANG_WARN_CONSTANT_CONVERSION = YES;
				CLANG_WARN_DIRECT_OBJC_ISA_USAGE = YES_ERROR;
				CLANG_WARN_EMPTY_BODY = YES;
				CLANG_WARN_ENUM_CONVERSION = YES;
				CLANG_WARN_INT_CONVERSION = YES;
				CLANG_WARN_OBJC_ROOT_CLASS = YES_ERROR;
				CLANG_WARN_UNREACHABLE_CODE = YES;
				CLANG_WARN__DUPLICATE_METHOD_MATCH = YES;
				"CODE_SIGN_IDENTITY[sdk=iphoneos*]" = "iPhone Developer";
				COPY_PHASE_STRIP = YES;
				ENABLE_NS_ASSERTIONS = NO;
				ENABLE_STRICT_OBJC_MSGSEND = YES;
				GCC_C_LANGUAGE_STANDARD = gnu99;
				GCC_WARN_64_TO_32_BIT_CONVERSION = YES;
				GCC_WARN_ABOUT_RETURN_TYPE = YES_ERROR;
				GCC_WARN_UNDECLARED_SELECTOR = YES;
				GCC_WARN_UNINITIALIZED_AUTOS = YES_AGGRESSIVE;
				GCC_WARN_UNUSED_FUNCTION = YES;
				GCC_WARN_UNUSED_VARIABLE = YES;
				IPHONEOS_DEPLOYMENT_TARGET = 8.1;
				MTL_ENABLE_DEBUG_INFO = NO;
				SDKROOT = iphoneos;
				VALIDATE_PRODUCT = YES;
			};
			name = Release;
		};
		D9081DEA1B5587EA00B57662 /* Debug */ = {
			isa = XCBuildConfiguration;
			buildSettings = {
				ASSETCATALOG_COMPILER_APPICON_NAME = AppIcon;
				FRAMEWORK_SEARCH_PATHS = (
					"$(inherited)",
					"$(PROJECT_DIR)",
				);
				INFOPLIST_FILE = PhotoSorter/Info.plist;
				LD_RUNPATH_SEARCH_PATHS = "$(inherited) @executable_path/Frameworks";
				PRODUCT_NAME = "$(TARGET_NAME)";
			};
			name = Debug;
		};
		D9081DEB1B5587EA00B57662 /* Release */ = {
			isa = XCBuildConfiguration;
			buildSettings = {
				ASSETCATALOG_COMPILER_APPICON_NAME = AppIcon;
				FRAMEWORK_SEARCH_PATHS = (
					"$(inherited)",
					"$(PROJECT_DIR)",
				);
				INFOPLIST_FILE = PhotoSorter/Info.plist;
				LD_RUNPATH_SEARCH_PATHS = "$(inherited) @executable_path/Frameworks";
				PRODUCT_NAME = "$(TARGET_NAME)";
			};
			name = Release;
		};
		D9081DED1B5587EA00B57662 /* Debug */ = {
			isa = XCBuildConfiguration;
			buildSettings = {
				BUNDLE_LOADER = "$(TEST_HOST)";
				FRAMEWORK_SEARCH_PATHS = (
					"$(SDKROOT)/Developer/Library/Frameworks",
					"$(inherited)",
				);
				GCC_PREPROCESSOR_DEFINITIONS = (
					"DEBUG=1",
					"$(inherited)",
				);
				INFOPLIST_FILE = PhotoSorterTests/Info.plist;
				LD_RUNPATH_SEARCH_PATHS = "$(inherited) @executable_path/Frameworks @loader_path/Frameworks";
				PRODUCT_NAME = "$(TARGET_NAME)";
				TEST_HOST = "$(BUILT_PRODUCTS_DIR)/PhotoSorter.app/PhotoSorter";
			};
			name = Debug;
		};
		D9081DEE1B5587EA00B57662 /* Release */ = {
			isa = XCBuildConfiguration;
			buildSettings = {
				BUNDLE_LOADER = "$(TEST_HOST)";
				FRAMEWORK_SEARCH_PATHS = (
					"$(SDKROOT)/Developer/Library/Frameworks",
					"$(inherited)",
				);
				INFOPLIST_FILE = PhotoSorterTests/Info.plist;
				LD_RUNPATH_SEARCH_PATHS = "$(inherited) @executable_path/Frameworks @loader_path/Frameworks";
				PRODUCT_NAME = "$(TARGET_NAME)";
				TEST_HOST = "$(BUILT_PRODUCTS_DIR)/PhotoSorter.app/PhotoSorter";
			};
			name = Release;
		};
/* End XCBuildConfiguration section */

/* Begin XCConfigurationList section */
		D9081DC51B5587EA00B57662 /* Build configuration list for PBXProject "PhotoSorter" */ = {
			isa = XCConfigurationList;
			buildConfigurations = (
				D9081DE71B5587EA00B57662 /* Debug */,
				D9081DE81B5587EA00B57662 /* Release */,
			);
			defaultConfigurationIsVisible = 0;
			defaultConfigurationName = Release;
		};
		D9081DE91B5587EA00B57662 /* Build configuration list for PBXNativeTarget "PhotoSorter" */ = {
			isa = XCConfigurationList;
			buildConfigurations = (
				D9081DEA1B5587EA00B57662 /* Debug */,
				D9081DEB1B5587EA00B57662 /* Release */,
			);
			defaultConfigurationIsVisible = 0;
		};
		D9081DEC1B5587EA00B57662 /* Build configuration list for PBXNativeTarget "PhotoSorterTests" */ = {
			isa = XCConfigurationList;
			buildConfigurations = (
				D9081DED1B5587EA00B57662 /* Debug */,
				D9081DEE1B5587EA00B57662 /* Release */,
			);
			defaultConfigurationIsVisible = 0;
		};
/* End XCConfigurationList section */
	};
	rootObject = D9081DC21B5587EA00B57662 /* Project object */;
}
